// !$*UTF8*$!
{
	archiveVersion = 1;
	classes = {
	};
	objectVersion = 55;
	objects = {

/* Begin PBXBuildFile section */
		C96715BE281873AC00322A7B /* AppDelegate.swift in Sources */ = {isa = PBXBuildFile; fileRef = C96715BD281873AC00322A7B /* AppDelegate.swift */; };
		C96715C0281873AC00322A7B /* SceneDelegate.swift in Sources */ = {isa = PBXBuildFile; fileRef = C96715BF281873AC00322A7B /* SceneDelegate.swift */; };
		C96715C5281873AC00322A7B /* Main.storyboard in Resources */ = {isa = PBXBuildFile; fileRef = C96715C3281873AC00322A7B /* Main.storyboard */; };
		C96715C7281873AE00322A7B /* Assets.xcassets in Resources */ = {isa = PBXBuildFile; fileRef = C96715C6281873AE00322A7B /* Assets.xcassets */; };
		C96715CA281873AE00322A7B /* LaunchScreen.storyboard in Resources */ = {isa = PBXBuildFile; fileRef = C96715C8281873AE00322A7B /* LaunchScreen.storyboard */; };
		C96715D62818754200322A7B /* ViewController.swift in Sources */ = {isa = PBXBuildFile; fileRef = C96715D52818754200322A7B /* ViewController.swift */; };
		C96715D8281875F500322A7B /* SearchResult.swift in Sources */ = {isa = PBXBuildFile; fileRef = C96715D7281875F500322A7B /* SearchResult.swift */; };
		C96715DA2818771B00322A7B /* SearchResultController.swift in Sources */ = {isa = PBXBuildFile; fileRef = C96715D92818771B00322A7B /* SearchResultController.swift */; };
/* End PBXBuildFile section */

/* Begin PBXFileReference section */
		C96715BA281873AC00322A7B /* iTunesSearchapp.app */ = {isa = PBXFileReference; explicitFileType = wrapper.application; includeInIndex = 0; path = iTunesSearchapp.app; sourceTree = BUILT_PRODUCTS_DIR; };
		C96715BD281873AC00322A7B /* AppDelegate.swift */ = {isa = PBXFileReference; lastKnownFileType = sourcecode.swift; path = AppDelegate.swift; sourceTree = "<group>"; };
		C96715BF281873AC00322A7B /* SceneDelegate.swift */ = {isa = PBXFileReference; lastKnownFileType = sourcecode.swift; path = SceneDelegate.swift; sourceTree = "<group>"; };
		C96715C4281873AC00322A7B /* Base */ = {isa = PBXFileReference; lastKnownFileType = file.storyboard; name = Base; path = Base.lproj/Main.storyboard; sourceTree = "<group>"; };
		C96715C6281873AE00322A7B /* Assets.xcassets */ = {isa = PBXFileReference; lastKnownFileType = folder.assetcatalog; path = Assets.xcassets; sourceTree = "<group>"; };
		C96715C9281873AE00322A7B /* Base */ = {isa = PBXFileReference; lastKnownFileType = file.storyboard; name = Base; path = Base.lproj/LaunchScreen.storyboard; sourceTree = "<group>"; };
		C96715CB281873AE00322A7B /* Info.plist */ = {isa = PBXFileReference; lastKnownFileType = text.plist.xml; path = Info.plist; sourceTree = "<group>"; };
		C96715D52818754200322A7B /* ViewController.swift */ = {isa = PBXFileReference; lastKnownFileType = sourcecode.swift; path = ViewController.swift; sourceTree = "<group>"; };
		C96715D7281875F500322A7B /* SearchResult.swift */ = {isa = PBXFileReference; lastKnownFileType = sourcecode.swift; path = SearchResult.swift; sourceTree = "<group>"; };
		C96715D92818771B00322A7B /* SearchResultController.swift */ = {isa = PBXFileReference; lastKnownFileType = sourcecode.swift; path = SearchResultController.swift; sourceTree = "<group>"; };
/* End PBXFileReference section */

/* Begin PBXFrameworksBuildPhase section */
		C96715B7281873AC00322A7B /* Frameworks */ = {
			isa = PBXFrameworksBuildPhase;
			buildActionMask = 2147483647;
			files = (
			);
			runOnlyForDeploymentPostprocessing = 0;
		};
/* End PBXFrameworksBuildPhase section */

/* Begin PBXGroup section */
		C96715B1281873AC00322A7B = {
			isa = PBXGroup;
			children = (
				C96715BC281873AC00322A7B /* iTunesSearchapp */,
				C96715BB281873AC00322A7B /* Products */,
			);
			sourceTree = "<group>";
		};
		C96715BB281873AC00322A7B /* Products */ = {
			isa = PBXGroup;
			children = (
				C96715BA281873AC00322A7B /* iTunesSearchapp.app */,
			);
			name = Products;
			sourceTree = "<group>";
		};
		C96715BC281873AC00322A7B /* iTunesSearchapp */ = {
			isa = PBXGroup;
			children = (
				C96715D3281873DF00322A7B /* Models */,
				C96715D4281873E400322A7B /* Controllers */,
				C96715D2281873C800322A7B /* Views */,
				C96715D1281873BC00322A7B /* SupportingFiles */,
			);
			path = iTunesSearchapp;
			sourceTree = "<group>";
		};
		C96715D1281873BC00322A7B /* SupportingFiles */ = {
			isa = PBXGroup;
			children = (
				C96715BD281873AC00322A7B /* AppDelegate.swift */,
				C96715BF281873AC00322A7B /* SceneDelegate.swift */,
				C96715C6281873AE00322A7B /* Assets.xcassets */,
				C96715CB281873AE00322A7B /* Info.plist */,
			);
			path = SupportingFiles;
			sourceTree = "<group>";
		};
		C96715D2281873C800322A7B /* Views */ = {
			isa = PBXGroup;
			children = (
				C96715C3281873AC00322A7B /* Main.storyboard */,
				C96715C8281873AE00322A7B /* LaunchScreen.storyboard */,
			);
			path = Views;
			sourceTree = "<group>";
		};
		C96715D3281873DF00322A7B /* Models */ = {
			isa = PBXGroup;
			children = (
				C96715D7281875F500322A7B /* SearchResult.swift */,
			);
			path = Models;
			sourceTree = "<group>";
		};
		C96715D4281873E400322A7B /* Controllers */ = {
			isa = PBXGroup;
			children = (
				C96715DB2818774400322A7B /* ModelControllers */,
				C96715DC2818774E00322A7B /* ViewControllers */,
			);
			path = Controllers;
			sourceTree = "<group>";
		};
		C96715DB2818774400322A7B /* ModelControllers */ = {
			isa = PBXGroup;
			children = (
				C96715D92818771B00322A7B /* SearchResultController.swift */,
			);
			path = ModelControllers;
			sourceTree = "<group>";
		};
		C96715DC2818774E00322A7B /* ViewControllers */ = {
			isa = PBXGroup;
			children = (
				C96715D52818754200322A7B /* ViewController.swift */,
			);
			path = ViewControllers;
			sourceTree = "<group>";
		};
/* End PBXGroup section */

/* Begin PBXNativeTarget section */
		C96715B9281873AC00322A7B /* iTunesSearchapp */ = {
			isa = PBXNativeTarget;
			buildConfigurationList = C96715CE281873AE00322A7B /* Build configuration list for PBXNativeTarget "iTunesSearchapp" */;
			buildPhases = (
				C96715B6281873AC00322A7B /* Sources */,
				C96715B7281873AC00322A7B /* Frameworks */,
				C96715B8281873AC00322A7B /* Resources */,
			);
			buildRules = (
			);
			dependencies = (
			);
			name = iTunesSearchapp;
			productName = iTunesSearchapp;
			productReference = C96715BA281873AC00322A7B /* iTunesSearchapp.app */;
			productType = "com.apple.product-type.application";
		};
/* End PBXNativeTarget section */

/* Begin PBXProject section */
		C96715B2281873AC00322A7B /* Project object */ = {
			isa = PBXProject;
			attributes = {
				BuildIndependentTargetsInParallel = 1;
				LastSwiftUpdateCheck = 1330;
				LastUpgradeCheck = 1330;
				TargetAttributes = {
					C96715B9281873AC00322A7B = {
						CreatedOnToolsVersion = 13.3.1;
					};
				};
			};
			buildConfigurationList = C96715B5281873AC00322A7B /* Build configuration list for PBXProject "iTunesSearchapp" */;
			compatibilityVersion = "Xcode 13.0";
			developmentRegion = en;
			hasScannedForEncodings = 0;
			knownRegions = (
				en,
				Base,
			);
			mainGroup = C96715B1281873AC00322A7B;
			productRefGroup = C96715BB281873AC00322A7B /* Products */;
			projectDirPath = "";
			projectRoot = "";
			targets = (
				C96715B9281873AC00322A7B /* iTunesSearchapp */,
			);
		};
/* End PBXProject section */

/* Begin PBXResourcesBuildPhase section */
		C96715B8281873AC00322A7B /* Resources */ = {
			isa = PBXResourcesBuildPhase;
			buildActionMask = 2147483647;
			files = (
				C96715CA281873AE00322A7B /* LaunchScreen.storyboard in Resources */,
				C96715C7281873AE00322A7B /* Assets.xcassets in Resources */,
				C96715C5281873AC00322A7B /* Main.storyboard in Resources */,
			);
			runOnlyForDeploymentPostprocessing = 0;
		};
/* End PBXResourcesBuildPhase section */

/* Begin PBXSourcesBuildPhase section */
		C96715B6281873AC00322A7B /* Sources */ = {
			isa = PBXSourcesBuildPhase;
			buildActionMask = 2147483647;
			files = (
				C96715D62818754200322A7B /* ViewController.swift in Sources */,
				C96715BE281873AC00322A7B /* AppDelegate.swift in Sources */,
				C96715D8281875F500322A7B /* SearchResult.swift in Sources */,
				C96715C0281873AC00322A7B /* SceneDelegate.swift in Sources */,
				C96715DA2818771B00322A7B /* SearchResultController.swift in Sources */,
			);
			runOnlyForDeploymentPostprocessing = 0;
		};
/* End PBXSourcesBuildPhase section */

/* Begin PBXVariantGroup section */
		C96715C3281873AC00322A7B /* Main.storyboard */ = {
			isa = PBXVariantGroup;
			children = (
				C96715C4281873AC00322A7B /* Base */,
			);
			name = Main.storyboard;
			sourceTree = "<group>";
		};
		C96715C8281873AE00322A7B /* LaunchScreen.storyboard */ = {
			isa = PBXVariantGroup;
			children = (
				C96715C9281873AE00322A7B /* Base */,
			);
			name = LaunchScreen.storyboard;
			sourceTree = "<group>";
		};
/* End PBXVariantGroup section */

/* Begin XCBuildConfiguration section */
		C96715CC281873AE00322A7B /* Debug */ = {
			isa = XCBuildConfiguration;
			buildSettings = {
				ALWAYS_SEARCH_USER_PATHS = NO;
				CLANG_ANALYZER_NONNULL = YES;
				CLANG_ANALYZER_NUMBER_OBJECT_CONVERSION = YES_AGGRESSIVE;
				CLANG_CXX_LANGUAGE_STANDARD = "gnu++17";
				CLANG_ENABLE_MODULES = YES;
				CLANG_ENABLE_OBJC_ARC = YES;
				CLANG_ENABLE_OBJC_WEAK = YES;
				CLANG_WARN_BLOCK_CAPTURE_AUTORELEASING = YES;
				CLANG_WARN_BOOL_CONVERSION = YES;
				CLANG_WARN_COMMA = YES;
				CLANG_WARN_CONSTANT_CONVERSION = YES;
				CLANG_WARN_DEPRECATED_OBJC_IMPLEMENTATIONS = YES;
				CLANG_WARN_DIRECT_OBJC_ISA_USAGE = YES_ERROR;
				CLANG_WARN_DOCUMENTATION_COMMENTS = YES;
				CLANG_WARN_EMPTY_BODY = YES;
				CLANG_WARN_ENUM_CONVERSION = YES;
				CLANG_WARN_INFINITE_RECURSION = YES;
				CLANG_WARN_INT_CONVERSION = YES;
				CLANG_WARN_NON_LITERAL_NULL_CONVERSION = YES;
				CLANG_WARN_OBJC_IMPLICIT_RETAIN_SELF = YES;
				CLANG_WARN_OBJC_LITERAL_CONVERSION = YES;
				CLANG_WARN_OBJC_ROOT_CLASS = YES_ERROR;
				CLANG_WARN_QUOTED_INCLUDE_IN_FRAMEWORK_HEADER = YES;
				CLANG_WARN_RANGE_LOOP_ANALYSIS = YES;
				CLANG_WARN_STRICT_PROTOTYPES = YES;
				CLANG_WARN_SUSPICIOUS_MOVE = YES;
				CLANG_WARN_UNGUARDED_AVAILABILITY = YES_AGGRESSIVE;
				CLANG_WARN_UNREACHABLE_CODE = YES;
				CLANG_WARN__DUPLICATE_METHOD_MATCH = YES;
				COPY_PHASE_STRIP = NO;
				DEBUG_INFORMATION_FORMAT = dwarf;
				ENABLE_STRICT_OBJC_MSGSEND = YES;
				ENABLE_TESTABILITY = YES;
				GCC_C_LANGUAGE_STANDARD = gnu11;
				GCC_DYNAMIC_NO_PIC = NO;
				GCC_NO_COMMON_BLOCKS = YES;
				GCC_OPTIMIZATION_LEVEL = 0;
				GCC_PREPROCESSOR_DEFINITIONS = (
					"DEBUG=1",
					"$(inherited)",
				);
				GCC_WARN_64_TO_32_BIT_CONVERSION = YES;
				GCC_WARN_ABOUT_RETURN_TYPE = YES_ERROR;
				GCC_WARN_UNDECLARED_SELECTOR = YES;
				GCC_WARN_UNINITIALIZED_AUTOS = YES_AGGRESSIVE;
				GCC_WARN_UNUSED_FUNCTION = YES;
				GCC_WARN_UNUSED_VARIABLE = YES;
				IPHONEOS_DEPLOYMENT_TARGET = 15.4;
				MTL_ENABLE_DEBUG_INFO = INCLUDE_SOURCE;
				MTL_FAST_MATH = YES;
				ONLY_ACTIVE_ARCH = YES;
				SDKROOT = iphoneos;
				SWIFT_ACTIVE_COMPILATION_CONDITIONS = DEBUG;
				SWIFT_OPTIMIZATION_LEVEL = "-Onone";
			};
			name = Debug;
		};
		C96715CD281873AE00322A7B /* Release */ = {
			isa = XCBuildConfiguration;
			buildSettings = {
				ALWAYS_SEARCH_USER_PATHS = NO;
				CLANG_ANALYZER_NONNULL = YES;
				CLANG_ANALYZER_NUMBER_OBJECT_CONVERSION = YES_AGGRESSIVE;
				CLANG_CXX_LANGUAGE_STANDARD = "gnu++17";
				CLANG_ENABLE_MODULES = YES;
				CLANG_ENABLE_OBJC_ARC = YES;
				CLANG_ENABLE_OBJC_WEAK = YES;
				CLANG_WARN_BLOCK_CAPTURE_AUTORELEASING = YES;
				CLANG_WARN_BOOL_CONVERSION = YES;
				CLANG_WARN_COMMA = YES;
				CLANG_WARN_CONSTANT_CONVERSION = YES;
				CLANG_WARN_DEPRECATED_OBJC_IMPLEMENTATIONS = YES;
				CLANG_WARN_DIRECT_OBJC_ISA_USAGE = YES_ERROR;
				CLANG_WARN_DOCUMENTATION_COMMENTS = YES;
				CLANG_WARN_EMPTY_BODY = YES;
				CLANG_WARN_ENUM_CONVERSION = YES;
				CLANG_WARN_INFINITE_RECURSION = YES;
				CLANG_WARN_INT_CONVERSION = YES;
				CLANG_WARN_NON_LITERAL_NULL_CONVERSION = YES;
				CLANG_WARN_OBJC_IMPLICIT_RETAIN_SELF = YES;
				CLANG_WARN_OBJC_LITERAL_CONVERSION = YES;
				CLANG_WARN_OBJC_ROOT_CLASS = YES_ERROR;
				CLANG_WARN_QUOTED_INCLUDE_IN_FRAMEWORK_HEADER = YES;
				CLANG_WARN_RANGE_LOOP_ANALYSIS = YES;
				CLANG_WARN_STRICT_PROTOTYPES = YES;
				CLANG_WARN_SUSPICIOUS_MOVE = YES;
				CLANG_WARN_UNGUARDED_AVAILABILITY = YES_AGGRESSIVE;
				CLANG_WARN_UNREACHABLE_CODE = YES;
				CLANG_WARN__DUPLICATE_METHOD_MATCH = YES;
				COPY_PHASE_STRIP = NO;
				DEBUG_INFORMATION_FORMAT = "dwarf-with-dsym";
				ENABLE_NS_ASSERTIONS = NO;
				ENABLE_STRICT_OBJC_MSGSEND = YES;
				GCC_C_LANGUAGE_STANDARD = gnu11;
				GCC_NO_COMMON_BLOCKS = YES;
				GCC_WARN_64_TO_32_BIT_CONVERSION = YES;
				GCC_WARN_ABOUT_RETURN_TYPE = YES_ERROR;
				GCC_WARN_UNDECLARED_SELECTOR = YES;
				GCC_WARN_UNINITIALIZED_AUTOS = YES_AGGRESSIVE;
				GCC_WARN_UNUSED_FUNCTION = YES;
				GCC_WARN_UNUSED_VARIABLE = YES;
				IPHONEOS_DEPLOYMENT_TARGET = 15.4;
				MTL_ENABLE_DEBUG_INFO = NO;
				MTL_FAST_MATH = YES;
				SDKROOT = iphoneos;
				SWIFT_COMPILATION_MODE = wholemodule;
				SWIFT_OPTIMIZATION_LEVEL = "-O";
				VALIDATE_PRODUCT = YES;
			};
			name = Release;
		};
		C96715CF281873AE00322A7B /* Debug */ = {
			isa = XCBuildConfiguration;
			buildSettings = {
				ASSETCATALOG_COMPILER_APPICON_NAME = AppIcon;
				ASSETCATALOG_COMPILER_GLOBAL_ACCENT_COLOR_NAME = AccentColor;
				CODE_SIGN_STYLE = Automatic;
				CURRENT_PROJECT_VERSION = 1;
				DEVELOPMENT_TEAM = ALTGSDSZNG;
				GENERATE_INFOPLIST_FILE = YES;
				INFOPLIST_FILE = iTunesSearchapp/SupportingFiles/Info.plist;
				INFOPLIST_KEY_UIApplicationSupportsIndirectInputEvents = YES;
				INFOPLIST_KEY_UILaunchStoryboardName = LaunchScreen;
				INFOPLIST_KEY_UIMainStoryboardFile = Main;
				INFOPLIST_KEY_UISupportedInterfaceOrientations_iPad = "UIInterfaceOrientationPortrait UIInterfaceOrientationPortraitUpsideDown UIInterfaceOrientationLandscapeLeft UIInterfaceOrientationLandscapeRight";
				INFOPLIST_KEY_UISupportedInterfaceOrientations_iPhone = "UIInterfaceOrientationPortrait UIInterfaceOrientationLandscapeLeft UIInterfaceOrientationLandscapeRight";
				LD_RUNPATH_SEARCH_PATHS = (
					"$(inherited)",
					"@executable_path/Frameworks",
				);
				MARKETING_VERSION = 1.0;
				PRODUCT_BUNDLE_IDENTIFIER = com.tasukuYamamoto.iTunesSearchapp;
				PRODUCT_NAME = "$(TARGET_NAME)";
				SWIFT_EMIT_LOC_STRINGS = YES;
				SWIFT_VERSION = 5.0;
				TARGETED_DEVICE_FAMILY = "1,2";
			};
			name = Debug;
		};
		C96715D0281873AE00322A7B /* Release */ = {
			isa = XCBuildConfiguration;
			buildSettings = {
				ASSETCATALOG_COMPILER_APPICON_NAME = AppIcon;
				ASSETCATALOG_COMPILER_GLOBAL_ACCENT_COLOR_NAME = AccentColor;
				CODE_SIGN_STYLE = Automatic;
				CURRENT_PROJECT_VERSION = 1;
				DEVELOPMENT_TEAM = ALTGSDSZNG;
				GENERATE_INFOPLIST_FILE = YES;
				INFOPLIST_FILE = iTunesSearchapp/SupportingFiles/Info.plist;
				INFOPLIST_KEY_UIApplicationSupportsIndirectInputEvents = YES;
				INFOPLIST_KEY_UILaunchStoryboardName = LaunchScreen;
				INFOPLIST_KEY_UIMainStoryboardFile = Main;
				INFOPLIST_KEY_UISupportedInterfaceOrientations_iPad = "UIInterfaceOrientationPortrait UIInterfaceOrientationPortraitUpsideDown UIInterfaceOrientationLandscapeLeft UIInterfaceOrientationLandscapeRight";
				INFOPLIST_KEY_UISupportedInterfaceOrientations_iPhone = "UIInterfaceOrientationPortrait UIInterfaceOrientationLandscapeLeft UIInterfaceOrientationLandscapeRight";
				LD_RUNPATH_SEARCH_PATHS = (
					"$(inherited)",
					"@executable_path/Frameworks",
				);
				MARKETING_VERSION = 1.0;
				PRODUCT_BUNDLE_IDENTIFIER = com.tasukuYamamoto.iTunesSearchapp;
				PRODUCT_NAME = "$(TARGET_NAME)";
				SWIFT_EMIT_LOC_STRINGS = YES;
				SWIFT_VERSION = 5.0;
				TARGETED_DEVICE_FAMILY = "1,2";
			};
			name = Release;
		};
/* End XCBuildConfiguration section */

/* Begin XCConfigurationList section */
		C96715B5281873AC00322A7B /* Build configuration list for PBXProject "iTunesSearchapp" */ = {
			isa = XCConfigurationList;
			buildConfigurations = (
				C96715CC281873AE00322A7B /* Debug */,
				C96715CD281873AE00322A7B /* Release */,
			);
			defaultConfigurationIsVisible = 0;
			defaultConfigurationName = Release;
		};
		C96715CE281873AE00322A7B /* Build configuration list for PBXNativeTarget "iTunesSearchapp" */ = {
			isa = XCConfigurationList;
			buildConfigurations = (
				C96715CF281873AE00322A7B /* Debug */,
				C96715D0281873AE00322A7B /* Release */,
			);
			defaultConfigurationIsVisible = 0;
			defaultConfigurationName = Release;
		};
/* End XCConfigurationList section */
	};
	rootObject = C96715B2281873AC00322A7B /* Project object */;
}
